// !$*UTF8*$!
{
	archiveVersion = 1;
	classes = {
	};
	objectVersion = 55;
	objects = {

/* Begin PBXBuildFile section */
		218BF3925D151BB03E8BE08F /* Pods_Football_League_App.framework in Frameworks */ = {isa = PBXBuildFile; fileRef = DBDA04C8D00DC3682FAD869C /* Pods_Football_League_App.framework */; };
		A81E212028F01D1300B5EB0E /* Config.swift in Sources */ = {isa = PBXBuildFile; fileRef = A81E211F28F01D1300B5EB0E /* Config.swift */; };
		A81E212328F06E4900B5EB0E /* UIView+CornerRaduis.swift in Sources */ = {isa = PBXBuildFile; fileRef = A81E212228F06E4900B5EB0E /* UIView+CornerRaduis.swift */; };
		A81E212728F06F2200B5EB0E /* CompetitonController.swift in Sources */ = {isa = PBXBuildFile; fileRef = A81E212628F06F2200B5EB0E /* CompetitonController.swift */; };
		A81E212928F06F3B00B5EB0E /* CompetitonVC.swift in Sources */ = {isa = PBXBuildFile; fileRef = A81E212828F06F3B00B5EB0E /* CompetitonVC.swift */; };
		A85B6ABD28F071A6004EF27E /* CompetitionModel.swift in Sources */ = {isa = PBXBuildFile; fileRef = A85B6ABC28F071A6004EF27E /* CompetitionModel.swift */; };
		A85B6ABF28F07C4A004EF27E /* UIVC+ShowAlert.swift in Sources */ = {isa = PBXBuildFile; fileRef = A85B6ABE28F07C4A004EF27E /* UIVC+ShowAlert.swift */; };
		A85B6AC328F07E8B004EF27E /* CompetitionViewCell.swift in Sources */ = {isa = PBXBuildFile; fileRef = A85B6AC128F07E8B004EF27E /* CompetitionViewCell.swift */; };
		A85B6AC428F07E8B004EF27E /* CompetitionViewCell.xib in Resources */ = {isa = PBXBuildFile; fileRef = A85B6AC228F07E8B004EF27E /* CompetitionViewCell.xib */; };
		A85B6AC628F08177004EF27E /* CompetitionVC+TblView.swift in Sources */ = {isa = PBXBuildFile; fileRef = A85B6AC528F08177004EF27E /* CompetitionVC+TblView.swift */; };
		A85B6AC928F09937004EF27E /* CompetitionTeamsController.swift in Sources */ = {isa = PBXBuildFile; fileRef = A85B6AC828F09937004EF27E /* CompetitionTeamsController.swift */; };
		A85B6ACF28F099BC004EF27E /* CompTeamsViewCell.swift in Sources */ = {isa = PBXBuildFile; fileRef = A85B6ACD28F099BC004EF27E /* CompTeamsViewCell.swift */; };
		A85B6AD028F099BC004EF27E /* CompTeamsViewCell.xib in Resources */ = {isa = PBXBuildFile; fileRef = A85B6ACE28F099BC004EF27E /* CompTeamsViewCell.xib */; };
		A85B6AD228F09BB6004EF27E /* CompetitionTeamsVC.swift in Sources */ = {isa = PBXBuildFile; fileRef = A85B6AD128F09BB6004EF27E /* CompetitionTeamsVC.swift */; };
		A85B6AD428F09C74004EF27E /* CompetitionTeamsModel.swift in Sources */ = {isa = PBXBuildFile; fileRef = A85B6AD328F09C74004EF27E /* CompetitionTeamsModel.swift */; };
		A85B6AD728F09CCB004EF27E /* CompetitionTeamsVC+TblView.swift in Sources */ = {isa = PBXBuildFile; fileRef = A85B6AD628F09CCB004EF27E /* CompetitionTeamsVC+TblView.swift */; };
		A8AEFB2E28EEFCBC00084AE2 /* AppDelegate.swift in Sources */ = {isa = PBXBuildFile; fileRef = A8AEFB2D28EEFCBC00084AE2 /* AppDelegate.swift */; };
		A8AEFB3028EEFCBC00084AE2 /* SceneDelegate.swift in Sources */ = {isa = PBXBuildFile; fileRef = A8AEFB2F28EEFCBC00084AE2 /* SceneDelegate.swift */; };
		A8AEFB3528EEFCBC00084AE2 /* Main.storyboard in Resources */ = {isa = PBXBuildFile; fileRef = A8AEFB3328EEFCBC00084AE2 /* Main.storyboard */; };
		A8AEFB3728EEFCBE00084AE2 /* Assets.xcassets in Resources */ = {isa = PBXBuildFile; fileRef = A8AEFB3628EEFCBE00084AE2 /* Assets.xcassets */; };
		A8AEFB3A28EEFCBE00084AE2 /* LaunchScreen.storyboard in Resources */ = {isa = PBXBuildFile; fileRef = A8AEFB3828EEFCBE00084AE2 /* LaunchScreen.storyboard */; };
/* End PBXBuildFile section */

/* Begin PBXFileReference section */
		03DA4488AE5991DAA5CC2797 /* Pods-Football League App.release.xcconfig */ = {isa = PBXFileReference; includeInIndex = 1; lastKnownFileType = text.xcconfig; name = "Pods-Football League App.release.xcconfig"; path = "Target Support Files/Pods-Football League App/Pods-Football League App.release.xcconfig"; sourceTree = "<group>"; };
		1E01332E4CE44ECDC481A8DE /* Pods-Football League App.debug.xcconfig */ = {isa = PBXFileReference; includeInIndex = 1; lastKnownFileType = text.xcconfig; name = "Pods-Football League App.debug.xcconfig"; path = "Target Support Files/Pods-Football League App/Pods-Football League App.debug.xcconfig"; sourceTree = "<group>"; };
		A81E211F28F01D1300B5EB0E /* Config.swift */ = {isa = PBXFileReference; lastKnownFileType = sourcecode.swift; path = Config.swift; sourceTree = "<group>"; };
		A81E212228F06E4900B5EB0E /* UIView+CornerRaduis.swift */ = {isa = PBXFileReference; lastKnownFileType = sourcecode.swift; path = "UIView+CornerRaduis.swift"; sourceTree = "<group>"; };
		A81E212628F06F2200B5EB0E /* CompetitonController.swift */ = {isa = PBXFileReference; lastKnownFileType = sourcecode.swift; path = CompetitonController.swift; sourceTree = "<group>"; };
		A81E212828F06F3B00B5EB0E /* CompetitonVC.swift */ = {isa = PBXFileReference; lastKnownFileType = sourcecode.swift; path = CompetitonVC.swift; sourceTree = "<group>"; };
		A85B6ABC28F071A6004EF27E /* CompetitionModel.swift */ = {isa = PBXFileReference; lastKnownFileType = sourcecode.swift; path = CompetitionModel.swift; sourceTree = "<group>"; };
		A85B6ABE28F07C4A004EF27E /* UIVC+ShowAlert.swift */ = {isa = PBXFileReference; lastKnownFileType = sourcecode.swift; path = "UIVC+ShowAlert.swift"; sourceTree = "<group>"; };
		A85B6AC128F07E8B004EF27E /* CompetitionViewCell.swift */ = {isa = PBXFileReference; lastKnownFileType = sourcecode.swift; path = CompetitionViewCell.swift; sourceTree = "<group>"; };
		A85B6AC228F07E8B004EF27E /* CompetitionViewCell.xib */ = {isa = PBXFileReference; lastKnownFileType = file.xib; path = CompetitionViewCell.xib; sourceTree = "<group>"; };
		A85B6AC528F08177004EF27E /* CompetitionVC+TblView.swift */ = {isa = PBXFileReference; lastKnownFileType = sourcecode.swift; path = "CompetitionVC+TblView.swift"; sourceTree = "<group>"; };
		A85B6AC828F09937004EF27E /* CompetitionTeamsController.swift */ = {isa = PBXFileReference; lastKnownFileType = sourcecode.swift; path = CompetitionTeamsController.swift; sourceTree = "<group>"; };
		A85B6ACD28F099BC004EF27E /* CompTeamsViewCell.swift */ = {isa = PBXFileReference; lastKnownFileType = sourcecode.swift; path = CompTeamsViewCell.swift; sourceTree = "<group>"; };
		A85B6ACE28F099BC004EF27E /* CompTeamsViewCell.xib */ = {isa = PBXFileReference; lastKnownFileType = file.xib; path = CompTeamsViewCell.xib; sourceTree = "<group>"; };
		A85B6AD128F09BB6004EF27E /* CompetitionTeamsVC.swift */ = {isa = PBXFileReference; lastKnownFileType = sourcecode.swift; path = CompetitionTeamsVC.swift; sourceTree = "<group>"; };
		A85B6AD328F09C74004EF27E /* CompetitionTeamsModel.swift */ = {isa = PBXFileReference; lastKnownFileType = sourcecode.swift; path = CompetitionTeamsModel.swift; sourceTree = "<group>"; };
		A85B6AD628F09CCB004EF27E /* CompetitionTeamsVC+TblView.swift */ = {isa = PBXFileReference; lastKnownFileType = sourcecode.swift; path = "CompetitionTeamsVC+TblView.swift"; sourceTree = "<group>"; };
		A8AEFB2A28EEFCBC00084AE2 /* Football League App.app */ = {isa = PBXFileReference; explicitFileType = wrapper.application; includeInIndex = 0; path = "Football League App.app"; sourceTree = BUILT_PRODUCTS_DIR; };
		A8AEFB2D28EEFCBC00084AE2 /* AppDelegate.swift */ = {isa = PBXFileReference; lastKnownFileType = sourcecode.swift; path = AppDelegate.swift; sourceTree = "<group>"; };
		A8AEFB2F28EEFCBC00084AE2 /* SceneDelegate.swift */ = {isa = PBXFileReference; lastKnownFileType = sourcecode.swift; path = SceneDelegate.swift; sourceTree = "<group>"; };
		A8AEFB3428EEFCBC00084AE2 /* Base */ = {isa = PBXFileReference; lastKnownFileType = file.storyboard; name = Base; path = Base.lproj/Main.storyboard; sourceTree = "<group>"; };
		A8AEFB3628EEFCBE00084AE2 /* Assets.xcassets */ = {isa = PBXFileReference; lastKnownFileType = folder.assetcatalog; path = Assets.xcassets; sourceTree = "<group>"; };
		A8AEFB3928EEFCBE00084AE2 /* Base */ = {isa = PBXFileReference; lastKnownFileType = file.storyboard; name = Base; path = Base.lproj/LaunchScreen.storyboard; sourceTree = "<group>"; };
		A8AEFB3B28EEFCBE00084AE2 /* Info.plist */ = {isa = PBXFileReference; lastKnownFileType = text.plist.xml; path = Info.plist; sourceTree = "<group>"; };
		DBDA04C8D00DC3682FAD869C /* Pods_Football_League_App.framework */ = {isa = PBXFileReference; explicitFileType = wrapper.framework; includeInIndex = 0; path = Pods_Football_League_App.framework; sourceTree = BUILT_PRODUCTS_DIR; };
/* End PBXFileReference section */

/* Begin PBXFrameworksBuildPhase section */
		A8AEFB2728EEFCBC00084AE2 /* Frameworks */ = {
			isa = PBXFrameworksBuildPhase;
			buildActionMask = 2147483647;
			files = (
				218BF3925D151BB03E8BE08F /* Pods_Football_League_App.framework in Frameworks */,
			);
			runOnlyForDeploymentPostprocessing = 0;
		};
/* End PBXFrameworksBuildPhase section */

/* Begin PBXGroup section */
		6B1B5B6DBE07BDEA02C36FB1 /* Pods */ = {
			isa = PBXGroup;
			children = (
				1E01332E4CE44ECDC481A8DE /* Pods-Football League App.debug.xcconfig */,
				03DA4488AE5991DAA5CC2797 /* Pods-Football League App.release.xcconfig */,
			);
			path = Pods;
			sourceTree = "<group>";
		};
		A81E211028F01BFC00B5EB0E /* Helper */ = {
			isa = PBXGroup;
			children = (
			);
			path = Helper;
			sourceTree = "<group>";
		};
		A81E211128F01C0400B5EB0E /* Storyboard */ = {
			isa = PBXGroup;
			children = (
				A81E211228F01C2400B5EB0E /* TableView Cells */,
				A8AEFB3328EEFCBC00084AE2 /* Main.storyboard */,
				A8AEFB3828EEFCBE00084AE2 /* LaunchScreen.storyboard */,
			);
			path = Storyboard;
			sourceTree = "<group>";
		};
		A81E211228F01C2400B5EB0E /* TableView Cells */ = {
			isa = PBXGroup;
			children = (
				A85B6ACA28F0995A004EF27E /* CompTeamsViewCell */,
				A85B6AC028F07E55004EF27E /* CompetitionViewCell */,
			);
			path = "TableView Cells";
			sourceTree = "<group>";
		};
		A81E211328F01C4800B5EB0E /* Model */ = {
			isa = PBXGroup;
			children = (
				A85B6ABC28F071A6004EF27E /* CompetitionModel.swift */,
				A85B6AD328F09C74004EF27E /* CompetitionTeamsModel.swift */,
			);
			path = Model;
			sourceTree = "<group>";
		};
		A81E211428F01C5600B5EB0E /* Constants */ = {
			isa = PBXGroup;
			children = (
				A81E211F28F01D1300B5EB0E /* Config.swift */,
			);
			path = Constants;
			sourceTree = "<group>";
		};
		A81E211528F01C6100B5EB0E /* Scenes */ = {
			isa = PBXGroup;
			children = (
				A81E211828F01C9100B5EB0E /* Competitions */,
				A81E211928F01CD000B5EB0E /* Competitions Details */,
				A81E211C28F01CEA00B5EB0E /* Competition Teams */,
			);
			path = Scenes;
			sourceTree = "<group>";
		};
		A81E211628F01C7600B5EB0E /* Controller */ = {
			isa = PBXGroup;
			children = (
				A81E212628F06F2200B5EB0E /* CompetitonController.swift */,
			);
			path = Controller;
			sourceTree = "<group>";
		};
		A81E211728F01C8100B5EB0E /* View */ = {
			isa = PBXGroup;
			children = (
				A81E212828F06F3B00B5EB0E /* CompetitonVC.swift */,
				A85B6AC528F08177004EF27E /* CompetitionVC+TblView.swift */,
			);
			path = View;
			sourceTree = "<group>";
		};
		A81E211828F01C9100B5EB0E /* Competitions */ = {
			isa = PBXGroup;
			children = (
				A81E211728F01C8100B5EB0E /* View */,
				A81E211628F01C7600B5EB0E /* Controller */,
			);
			path = Competitions;
			sourceTree = "<group>";
		};
		A81E211928F01CD000B5EB0E /* Competitions Details */ = {
			isa = PBXGroup;
			children = (
				A81E211B28F01CE400B5EB0E /* View */,
				A81E211A28F01CDD00B5EB0E /* Controller */,
			);
			path = "Competitions Details";
			sourceTree = "<group>";
		};
		A81E211A28F01CDD00B5EB0E /* Controller */ = {
			isa = PBXGroup;
			children = (
			);
			path = Controller;
			sourceTree = "<group>";
		};
		A81E211B28F01CE400B5EB0E /* View */ = {
			isa = PBXGroup;
			children = (
			);
			path = View;
			sourceTree = "<group>";
		};
		A81E211C28F01CEA00B5EB0E /* Competition Teams */ = {
			isa = PBXGroup;
			children = (
				A81E211E28F01CFE00B5EB0E /* View */,
				A81E211D28F01CF500B5EB0E /* Controller */,
			);
			path = "Competition Teams";
			sourceTree = "<group>";
		};
		A81E211D28F01CF500B5EB0E /* Controller */ = {
			isa = PBXGroup;
			children = (
				A85B6AC828F09937004EF27E /* CompetitionTeamsController.swift */,
			);
			path = Controller;
			sourceTree = "<group>";
		};
		A81E211E28F01CFE00B5EB0E /* View */ = {
			isa = PBXGroup;
			children = (
				A85B6AD128F09BB6004EF27E /* CompetitionTeamsVC.swift */,
				A85B6AD628F09CCB004EF27E /* CompetitionTeamsVC+TblView.swift */,
			);
			path = View;
			sourceTree = "<group>";
		};
		A81E212128F06E2200B5EB0E /* Exstentions */ = {
			isa = PBXGroup;
			children = (
				A81E212228F06E4900B5EB0E /* UIView+CornerRaduis.swift */,
				A85B6ABE28F07C4A004EF27E /* UIVC+ShowAlert.swift */,
			);
			path = Exstentions;
			sourceTree = "<group>";
		};
		A85B6AC028F07E55004EF27E /* CompetitionViewCell */ = {
			isa = PBXGroup;
			children = (
				A85B6AC128F07E8B004EF27E /* CompetitionViewCell.swift */,
				A85B6AC228F07E8B004EF27E /* CompetitionViewCell.xib */,
			);
			path = CompetitionViewCell;
			sourceTree = "<group>";
		};
		A85B6ACA28F0995A004EF27E /* CompTeamsViewCell */ = {
			isa = PBXGroup;
			children = (
				A85B6ACD28F099BC004EF27E /* CompTeamsViewCell.swift */,
				A85B6ACE28F099BC004EF27E /* CompTeamsViewCell.xib */,
			);
			path = CompTeamsViewCell;
			sourceTree = "<group>";
		};
		A8AEFB2128EEFCBC00084AE2 = {
			isa = PBXGroup;
			children = (
				A8AEFB2C28EEFCBC00084AE2 /* Football League App */,
				A8AEFB2B28EEFCBC00084AE2 /* Products */,
				6B1B5B6DBE07BDEA02C36FB1 /* Pods */,
				F8950455088754AAEFFBA4CC /* Frameworks */,
			);
			sourceTree = "<group>";
		};
		A8AEFB2B28EEFCBC00084AE2 /* Products */ = {
			isa = PBXGroup;
			children = (
				A8AEFB2A28EEFCBC00084AE2 /* Football League App.app */,
			);
			name = Products;
			sourceTree = "<group>";
		};
		A8AEFB2C28EEFCBC00084AE2 /* Football League App */ = {
			isa = PBXGroup;
			children = (
				A8AEFB2D28EEFCBC00084AE2 /* AppDelegate.swift */,
				A8AEFB2F28EEFCBC00084AE2 /* SceneDelegate.swift */,
				A81E212128F06E2200B5EB0E /* Exstentions */,
				A81E211028F01BFC00B5EB0E /* Helper */,
				A81E211428F01C5600B5EB0E /* Constants */,
				A81E211328F01C4800B5EB0E /* Model */,
				A81E211528F01C6100B5EB0E /* Scenes */,
				A81E211128F01C0400B5EB0E /* Storyboard */,
				A8AEFB3628EEFCBE00084AE2 /* Assets.xcassets */,
				A8AEFB3B28EEFCBE00084AE2 /* Info.plist */,
			);
			path = "Football League App";
			sourceTree = "<group>";
		};
		F8950455088754AAEFFBA4CC /* Frameworks */ = {
			isa = PBXGroup;
			children = (
				DBDA04C8D00DC3682FAD869C /* Pods_Football_League_App.framework */,
			);
			name = Frameworks;
			sourceTree = "<group>";
		};
/* End PBXGroup section */

/* Begin PBXNativeTarget section */
		A8AEFB2928EEFCBC00084AE2 /* Football League App */ = {
			isa = PBXNativeTarget;
			buildConfigurationList = A8AEFB3E28EEFCBE00084AE2 /* Build configuration list for PBXNativeTarget "Football League App" */;
			buildPhases = (
				753D9EB66277B18DBB2EE177 /* [CP] Check Pods Manifest.lock */,
				A8AEFB2628EEFCBC00084AE2 /* Sources */,
				A8AEFB2728EEFCBC00084AE2 /* Frameworks */,
				A8AEFB2828EEFCBC00084AE2 /* Resources */,
				3E71FC4FE5D494723102F877 /* [CP] Embed Pods Frameworks */,
			);
			buildRules = (
			);
			dependencies = (
			);
			name = "Football League App";
			productName = "Football League App";
			productReference = A8AEFB2A28EEFCBC00084AE2 /* Football League App.app */;
			productType = "com.apple.product-type.application";
		};
/* End PBXNativeTarget section */

/* Begin PBXProject section */
		A8AEFB2228EEFCBC00084AE2 /* Project object */ = {
			isa = PBXProject;
			attributes = {
				BuildIndependentTargetsInParallel = 1;
				LastSwiftUpdateCheck = 1340;
				LastUpgradeCheck = 1340;
				TargetAttributes = {
					A8AEFB2928EEFCBC00084AE2 = {
						CreatedOnToolsVersion = 13.4;
					};
				};
			};
			buildConfigurationList = A8AEFB2528EEFCBC00084AE2 /* Build configuration list for PBXProject "Football League App" */;
			compatibilityVersion = "Xcode 13.0";
			developmentRegion = en;
			hasScannedForEncodings = 0;
			knownRegions = (
				en,
				Base,
			);
			mainGroup = A8AEFB2128EEFCBC00084AE2;
			productRefGroup = A8AEFB2B28EEFCBC00084AE2 /* Products */;
			projectDirPath = "";
			projectRoot = "";
			targets = (
				A8AEFB2928EEFCBC00084AE2 /* Football League App */,
			);
		};
/* End PBXProject section */

/* Begin PBXResourcesBuildPhase section */
		A8AEFB2828EEFCBC00084AE2 /* Resources */ = {
			isa = PBXResourcesBuildPhase;
			buildActionMask = 2147483647;
			files = (
				A8AEFB3A28EEFCBE00084AE2 /* LaunchScreen.storyboard in Resources */,
				A8AEFB3728EEFCBE00084AE2 /* Assets.xcassets in Resources */,
				A85B6AD028F099BC004EF27E /* CompTeamsViewCell.xib in Resources */,
				A85B6AC428F07E8B004EF27E /* CompetitionViewCell.xib in Resources */,
				A8AEFB3528EEFCBC00084AE2 /* Main.storyboard in Resources */,
			);
			runOnlyForDeploymentPostprocessing = 0;
		};
/* End PBXResourcesBuildPhase section */

/* Begin PBXShellScriptBuildPhase section */
		3E71FC4FE5D494723102F877 /* [CP] Embed Pods Frameworks */ = {
			isa = PBXShellScriptBuildPhase;
			buildActionMask = 2147483647;
			files = (
			);
			inputFileListPaths = (
				"${PODS_ROOT}/Target Support Files/Pods-Football League App/Pods-Football League App-frameworks-${CONFIGURATION}-input-files.xcfilelist",
			);
			name = "[CP] Embed Pods Frameworks";
			outputFileListPaths = (
				"${PODS_ROOT}/Target Support Files/Pods-Football League App/Pods-Football League App-frameworks-${CONFIGURATION}-output-files.xcfilelist",
			);
			runOnlyForDeploymentPostprocessing = 0;
			shellPath = /bin/sh;
			shellScript = "\"${PODS_ROOT}/Target Support Files/Pods-Football League App/Pods-Football League App-frameworks.sh\"\n";
			showEnvVarsInLog = 0;
		};
		753D9EB66277B18DBB2EE177 /* [CP] Check Pods Manifest.lock */ = {
			isa = PBXShellScriptBuildPhase;
			buildActionMask = 2147483647;
			files = (
			);
			inputFileListPaths = (
			);
			inputPaths = (
				"${PODS_PODFILE_DIR_PATH}/Podfile.lock",
				"${PODS_ROOT}/Manifest.lock",
			);
			name = "[CP] Check Pods Manifest.lock";
			outputFileListPaths = (
			);
			outputPaths = (
				"$(DERIVED_FILE_DIR)/Pods-Football League App-checkManifestLockResult.txt",
			);
			runOnlyForDeploymentPostprocessing = 0;
			shellPath = /bin/sh;
			shellScript = "diff \"${PODS_PODFILE_DIR_PATH}/Podfile.lock\" \"${PODS_ROOT}/Manifest.lock\" > /dev/null\nif [ $? != 0 ] ; then\n    # print error to STDERR\n    echo \"error: The sandbox is not in sync with the Podfile.lock. Run 'pod install' or update your CocoaPods installation.\" >&2\n    exit 1\nfi\n# This output is used by Xcode 'outputs' to avoid re-running this script phase.\necho \"SUCCESS\" > \"${SCRIPT_OUTPUT_FILE_0}\"\n";
			showEnvVarsInLog = 0;
		};
/* End PBXShellScriptBuildPhase section */

/* Begin PBXSourcesBuildPhase section */
		A8AEFB2628EEFCBC00084AE2 /* Sources */ = {
			isa = PBXSourcesBuildPhase;
			buildActionMask = 2147483647;
			files = (
				A85B6AC328F07E8B004EF27E /* CompetitionViewCell.swift in Sources */,
				A81E212028F01D1300B5EB0E /* Config.swift in Sources */,
				A85B6AD228F09BB6004EF27E /* CompetitionTeamsVC.swift in Sources */,
				A81E212328F06E4900B5EB0E /* UIView+CornerRaduis.swift in Sources */,
				A85B6AD728F09CCB004EF27E /* CompetitionTeamsVC+TblView.swift in Sources */,
				A85B6AC928F09937004EF27E /* CompetitionTeamsController.swift in Sources */,
				A8AEFB2E28EEFCBC00084AE2 /* AppDelegate.swift in Sources */,
				A85B6AC628F08177004EF27E /* CompetitionVC+TblView.swift in Sources */,
				A85B6ACF28F099BC004EF27E /* CompTeamsViewCell.swift in Sources */,
				A85B6AD428F09C74004EF27E /* CompetitionTeamsModel.swift in Sources */,
				A8AEFB3028EEFCBC00084AE2 /* SceneDelegate.swift in Sources */,
				A85B6ABD28F071A6004EF27E /* CompetitionModel.swift in Sources */,
				A85B6ABF28F07C4A004EF27E /* UIVC+ShowAlert.swift in Sources */,
				A81E212728F06F2200B5EB0E /* CompetitonController.swift in Sources */,
				A81E212928F06F3B00B5EB0E /* CompetitonVC.swift in Sources */,
			);
			runOnlyForDeploymentPostprocessing = 0;
		};
/* End PBXSourcesBuildPhase section */

/* Begin PBXVariantGroup section */
		A8AEFB3328EEFCBC00084AE2 /* Main.storyboard */ = {
			isa = PBXVariantGroup;
			children = (
				A8AEFB3428EEFCBC00084AE2 /* Base */,
			);
			name = Main.storyboard;
			sourceTree = "<group>";
		};
		A8AEFB3828EEFCBE00084AE2 /* LaunchScreen.storyboard */ = {
			isa = PBXVariantGroup;
			children = (
				A8AEFB3928EEFCBE00084AE2 /* Base */,
			);
			name = LaunchScreen.storyboard;
			sourceTree = "<group>";
		};
/* End PBXVariantGroup section */

/* Begin XCBuildConfiguration section */
		A8AEFB3C28EEFCBE00084AE2 /* Debug */ = {
			isa = XCBuildConfiguration;
			buildSettings = {
				ALWAYS_SEARCH_USER_PATHS = NO;
				CLANG_ANALYZER_NONNULL = YES;
				CLANG_ANALYZER_NUMBER_OBJECT_CONVERSION = YES_AGGRESSIVE;
				CLANG_CXX_LANGUAGE_STANDARD = "gnu++17";
				CLANG_ENABLE_MODULES = YES;
				CLANG_ENABLE_OBJC_ARC = YES;
				CLANG_ENABLE_OBJC_WEAK = YES;
				CLANG_WARN_BLOCK_CAPTURE_AUTORELEASING = YES;
				CLANG_WARN_BOOL_CONVERSION = YES;
				CLANG_WARN_COMMA = YES;
				CLANG_WARN_CONSTANT_CONVERSION = YES;
				CLANG_WARN_DEPRECATED_OBJC_IMPLEMENTATIONS = YES;
				CLANG_WARN_DIRECT_OBJC_ISA_USAGE = YES_ERROR;
				CLANG_WARN_DOCUMENTATION_COMMENTS = YES;
				CLANG_WARN_EMPTY_BODY = YES;
				CLANG_WARN_ENUM_CONVERSION = YES;
				CLANG_WARN_INFINITE_RECURSION = YES;
				CLANG_WARN_INT_CONVERSION = YES;
				CLANG_WARN_NON_LITERAL_NULL_CONVERSION = YES;
				CLANG_WARN_OBJC_IMPLICIT_RETAIN_SELF = YES;
				CLANG_WARN_OBJC_LITERAL_CONVERSION = YES;
				CLANG_WARN_OBJC_ROOT_CLASS = YES_ERROR;
				CLANG_WARN_QUOTED_INCLUDE_IN_FRAMEWORK_HEADER = YES;
				CLANG_WARN_RANGE_LOOP_ANALYSIS = YES;
				CLANG_WARN_STRICT_PROTOTYPES = YES;
				CLANG_WARN_SUSPICIOUS_MOVE = YES;
				CLANG_WARN_UNGUARDED_AVAILABILITY = YES_AGGRESSIVE;
				CLANG_WARN_UNREACHABLE_CODE = YES;
				CLANG_WARN__DUPLICATE_METHOD_MATCH = YES;
				COPY_PHASE_STRIP = NO;
				DEBUG_INFORMATION_FORMAT = dwarf;
				ENABLE_STRICT_OBJC_MSGSEND = YES;
				ENABLE_TESTABILITY = YES;
				GCC_C_LANGUAGE_STANDARD = gnu11;
				GCC_DYNAMIC_NO_PIC = NO;
				GCC_NO_COMMON_BLOCKS = YES;
				GCC_OPTIMIZATION_LEVEL = 0;
				GCC_PREPROCESSOR_DEFINITIONS = (
					"DEBUG=1",
					"$(inherited)",
				);
				GCC_WARN_64_TO_32_BIT_CONVERSION = YES;
				GCC_WARN_ABOUT_RETURN_TYPE = YES_ERROR;
				GCC_WARN_UNDECLARED_SELECTOR = YES;
				GCC_WARN_UNINITIALIZED_AUTOS = YES_AGGRESSIVE;
				GCC_WARN_UNUSED_FUNCTION = YES;
				GCC_WARN_UNUSED_VARIABLE = YES;
				IPHONEOS_DEPLOYMENT_TARGET = 15.5;
				MTL_ENABLE_DEBUG_INFO = INCLUDE_SOURCE;
				MTL_FAST_MATH = YES;
				ONLY_ACTIVE_ARCH = YES;
				SDKROOT = iphoneos;
				SWIFT_ACTIVE_COMPILATION_CONDITIONS = DEBUG;
				SWIFT_OPTIMIZATION_LEVEL = "-Onone";
			};
			name = Debug;
		};
		A8AEFB3D28EEFCBE00084AE2 /* Release */ = {
			isa = XCBuildConfiguration;
			buildSettings = {
				ALWAYS_SEARCH_USER_PATHS = NO;
				CLANG_ANALYZER_NONNULL = YES;
				CLANG_ANALYZER_NUMBER_OBJECT_CONVERSION = YES_AGGRESSIVE;
				CLANG_CXX_LANGUAGE_STANDARD = "gnu++17";
				CLANG_ENABLE_MODULES = YES;
				CLANG_ENABLE_OBJC_ARC = YES;
				CLANG_ENABLE_OBJC_WEAK = YES;
				CLANG_WARN_BLOCK_CAPTURE_AUTORELEASING = YES;
				CLANG_WARN_BOOL_CONVERSION = YES;
				CLANG_WARN_COMMA = YES;
				CLANG_WARN_CONSTANT_CONVERSION = YES;
				CLANG_WARN_DEPRECATED_OBJC_IMPLEMENTATIONS = YES;
				CLANG_WARN_DIRECT_OBJC_ISA_USAGE = YES_ERROR;
				CLANG_WARN_DOCUMENTATION_COMMENTS = YES;
				CLANG_WARN_EMPTY_BODY = YES;
				CLANG_WARN_ENUM_CONVERSION = YES;
				CLANG_WARN_INFINITE_RECURSION = YES;
				CLANG_WARN_INT_CONVERSION = YES;
				CLANG_WARN_NON_LITERAL_NULL_CONVERSION = YES;
				CLANG_WARN_OBJC_IMPLICIT_RETAIN_SELF = YES;
				CLANG_WARN_OBJC_LITERAL_CONVERSION = YES;
				CLANG_WARN_OBJC_ROOT_CLASS = YES_ERROR;
				CLANG_WARN_QUOTED_INCLUDE_IN_FRAMEWORK_HEADER = YES;
				CLANG_WARN_RANGE_LOOP_ANALYSIS = YES;
				CLANG_WARN_STRICT_PROTOTYPES = YES;
				CLANG_WARN_SUSPICIOUS_MOVE = YES;
				CLANG_WARN_UNGUARDED_AVAILABILITY = YES_AGGRESSIVE;
				CLANG_WARN_UNREACHABLE_CODE = YES;
				CLANG_WARN__DUPLICATE_METHOD_MATCH = YES;
				COPY_PHASE_STRIP = NO;
				DEBUG_INFORMATION_FORMAT = "dwarf-with-dsym";
				ENABLE_NS_ASSERTIONS = NO;
				ENABLE_STRICT_OBJC_MSGSEND = YES;
				GCC_C_LANGUAGE_STANDARD = gnu11;
				GCC_NO_COMMON_BLOCKS = YES;
				GCC_WARN_64_TO_32_BIT_CONVERSION = YES;
				GCC_WARN_ABOUT_RETURN_TYPE = YES_ERROR;
				GCC_WARN_UNDECLARED_SELECTOR = YES;
				GCC_WARN_UNINITIALIZED_AUTOS = YES_AGGRESSIVE;
				GCC_WARN_UNUSED_FUNCTION = YES;
				GCC_WARN_UNUSED_VARIABLE = YES;
				IPHONEOS_DEPLOYMENT_TARGET = 15.5;
				MTL_ENABLE_DEBUG_INFO = NO;
				MTL_FAST_MATH = YES;
				SDKROOT = iphoneos;
				SWIFT_COMPILATION_MODE = wholemodule;
				SWIFT_OPTIMIZATION_LEVEL = "-O";
				VALIDATE_PRODUCT = YES;
			};
			name = Release;
		};
		A8AEFB3F28EEFCBE00084AE2 /* Debug */ = {
			isa = XCBuildConfiguration;
			baseConfigurationReference = 1E01332E4CE44ECDC481A8DE /* Pods-Football League App.debug.xcconfig */;
			buildSettings = {
				ASSETCATALOG_COMPILER_APPICON_NAME = AppIcon;
				ASSETCATALOG_COMPILER_GLOBAL_ACCENT_COLOR_NAME = AccentColor;
				CODE_SIGN_STYLE = Automatic;
				CURRENT_PROJECT_VERSION = 1;
				DEVELOPMENT_TEAM = 92UAYACNLJ;
				GENERATE_INFOPLIST_FILE = YES;
				INFOPLIST_FILE = "Football League App/Info.plist";
				INFOPLIST_KEY_UIApplicationSupportsIndirectInputEvents = YES;
				INFOPLIST_KEY_UILaunchStoryboardName = LaunchScreen;
				INFOPLIST_KEY_UIMainStoryboardFile = Main;
				INFOPLIST_KEY_UISupportedInterfaceOrientations_iPad = "UIInterfaceOrientationPortrait UIInterfaceOrientationPortraitUpsideDown UIInterfaceOrientationLandscapeLeft UIInterfaceOrientationLandscapeRight";
				INFOPLIST_KEY_UISupportedInterfaceOrientations_iPhone = "UIInterfaceOrientationPortrait UIInterfaceOrientationLandscapeLeft UIInterfaceOrientationLandscapeRight";
				LD_RUNPATH_SEARCH_PATHS = (
					"$(inherited)",
					"@executable_path/Frameworks",
				);
				MARKETING_VERSION = 1.0;
				PRODUCT_BUNDLE_IDENTIFIER = "eslam.Football-League-App";
				PRODUCT_NAME = "$(TARGET_NAME)";
				SWIFT_EMIT_LOC_STRINGS = YES;
				SWIFT_VERSION = 5.0;
				TARGETED_DEVICE_FAMILY = "1,2";
			};
			name = Debug;
		};
		A8AEFB4028EEFCBE00084AE2 /* Release */ = {
			isa = XCBuildConfiguration;
			baseConfigurationReference = 03DA4488AE5991DAA5CC2797 /* Pods-Football League App.release.xcconfig */;
			buildSettings = {
				ASSETCATALOG_COMPILER_APPICON_NAME = AppIcon;
				ASSETCATALOG_COMPILER_GLOBAL_ACCENT_COLOR_NAME = AccentColor;
				CODE_SIGN_STYLE = Automatic;
				CURRENT_PROJECT_VERSION = 1;
				DEVELOPMENT_TEAM = 92UAYACNLJ;
				GENERATE_INFOPLIST_FILE = YES;
				INFOPLIST_FILE = "Football League App/Info.plist";
				INFOPLIST_KEY_UIApplicationSupportsIndirectInputEvents = YES;
				INFOPLIST_KEY_UILaunchStoryboardName = LaunchScreen;
				INFOPLIST_KEY_UIMainStoryboardFile = Main;
				INFOPLIST_KEY_UISupportedInterfaceOrientations_iPad = "UIInterfaceOrientationPortrait UIInterfaceOrientationPortraitUpsideDown UIInterfaceOrientationLandscapeLeft UIInterfaceOrientationLandscapeRight";
				INFOPLIST_KEY_UISupportedInterfaceOrientations_iPhone = "UIInterfaceOrientationPortrait UIInterfaceOrientationLandscapeLeft UIInterfaceOrientationLandscapeRight";
				LD_RUNPATH_SEARCH_PATHS = (
					"$(inherited)",
					"@executable_path/Frameworks",
				);
				MARKETING_VERSION = 1.0;
				PRODUCT_BUNDLE_IDENTIFIER = "eslam.Football-League-App";
				PRODUCT_NAME = "$(TARGET_NAME)";
				SWIFT_EMIT_LOC_STRINGS = YES;
				SWIFT_VERSION = 5.0;
				TARGETED_DEVICE_FAMILY = "1,2";
			};
			name = Release;
		};
/* End XCBuildConfiguration section */

/* Begin XCConfigurationList section */
		A8AEFB2528EEFCBC00084AE2 /* Build configuration list for PBXProject "Football League App" */ = {
			isa = XCConfigurationList;
			buildConfigurations = (
				A8AEFB3C28EEFCBE00084AE2 /* Debug */,
				A8AEFB3D28EEFCBE00084AE2 /* Release */,
			);
			defaultConfigurationIsVisible = 0;
			defaultConfigurationName = Release;
		};
		A8AEFB3E28EEFCBE00084AE2 /* Build configuration list for PBXNativeTarget "Football League App" */ = {
			isa = XCConfigurationList;
			buildConfigurations = (
				A8AEFB3F28EEFCBE00084AE2 /* Debug */,
				A8AEFB4028EEFCBE00084AE2 /* Release */,
			);
			defaultConfigurationIsVisible = 0;
			defaultConfigurationName = Release;
		};
/* End XCConfigurationList section */
	};
	rootObject = A8AEFB2228EEFCBC00084AE2 /* Project object */;
}
